// !$*UTF8*$!
{
	archiveVersion = 1;
	classes = {
	};
	objectVersion = 50;
	objects = {

/* Begin PBXBuildFile section */
		D00F15F22509181800F7F33F /* AppDelegate.swift in Sources */ = {isa = PBXBuildFile; fileRef = D00F15F12509181800F7F33F /* AppDelegate.swift */; };
		D00F15F62509181800F7F33F /* ViewController.swift in Sources */ = {isa = PBXBuildFile; fileRef = D00F15F52509181800F7F33F /* ViewController.swift */; };
		D00F15FB2509181A00F7F33F /* Assets.xcassets in Resources */ = {isa = PBXBuildFile; fileRef = D00F15FA2509181A00F7F33F /* Assets.xcassets */; };
		D00F15FE2509181A00F7F33F /* LaunchScreen.storyboard in Resources */ = {isa = PBXBuildFile; fileRef = D00F15FC2509181A00F7F33F /* LaunchScreen.storyboard */; };
		D00F16092509181A00F7F33F /* WeatherTests.swift in Sources */ = {isa = PBXBuildFile; fileRef = D00F16082509181A00F7F33F /* WeatherTests.swift */; };
		D00F162B25093D4F00F7F33F /* Anchorage.framework in Frameworks */ = {isa = PBXBuildFile; fileRef = D00F161D25093D4F00F7F33F /* Anchorage.framework */; };
		D00F162D25093D4F00F7F33F /* RxRelay.framework in Frameworks */ = {isa = PBXBuildFile; fileRef = D00F161E25093D4F00F7F33F /* RxRelay.framework */; };
		D00F162F25093D4F00F7F33F /* Validated.framework in Frameworks */ = {isa = PBXBuildFile; fileRef = D00F161F25093D4F00F7F33F /* Validated.framework */; };
		D00F163325093D4F00F7F33F /* SwinjectAutoregistration.framework in Frameworks */ = {isa = PBXBuildFile; fileRef = D00F162125093D4F00F7F33F /* SwinjectAutoregistration.framework */; };
		D00F163925093D5000F7F33F /* RxSwift.framework in Frameworks */ = {isa = PBXBuildFile; fileRef = D00F162425093D4F00F7F33F /* RxSwift.framework */; };
		D00F163B25093D5000F7F33F /* NonEmpty.framework in Frameworks */ = {isa = PBXBuildFile; fileRef = D00F162525093D4F00F7F33F /* NonEmpty.framework */; };
		D00F163D25093D5000F7F33F /* Swinject.framework in Frameworks */ = {isa = PBXBuildFile; fileRef = D00F162625093D4F00F7F33F /* Swinject.framework */; };
		D00F164125093D5000F7F33F /* MBProgressHUD.framework in Frameworks */ = {isa = PBXBuildFile; fileRef = D00F162825093D4F00F7F33F /* MBProgressHUD.framework */; };
		D00F164525093D5000F7F33F /* RxCocoa.framework in Frameworks */ = {isa = PBXBuildFile; fileRef = D00F162A25093D4F00F7F33F /* RxCocoa.framework */; };
		D00F164825093DD100F7F33F /* Nimble.framework in Frameworks */ = {isa = PBXBuildFile; fileRef = D00F162325093D4F00F7F33F /* Nimble.framework */; };
		D00F164925093DD100F7F33F /* Quick.framework in Frameworks */ = {isa = PBXBuildFile; fileRef = D00F162725093D4F00F7F33F /* Quick.framework */; };
		D00F164A25093DD100F7F33F /* RxTest.framework in Frameworks */ = {isa = PBXBuildFile; fileRef = D00F162925093D4F00F7F33F /* RxTest.framework */; };
		D00F164B25093DD100F7F33F /* SnapshotTesting.framework in Frameworks */ = {isa = PBXBuildFile; fileRef = D00F162025093D4F00F7F33F /* SnapshotTesting.framework */; };
		D00F164E250943F700F7F33F /* RxDataSources.framework in Frameworks */ = {isa = PBXBuildFile; fileRef = D00F164D250943F700F7F33F /* RxDataSources.framework */; };
		D00F165F250949B500F7F33F /* Nimble.framework in Copy Frameworks */ = {isa = PBXBuildFile; fileRef = D00F165B250949B400F7F33F /* Nimble.framework */; settings = {ATTRIBUTES = (CodeSignOnCopy, RemoveHeadersOnCopy, ); }; };
		D00F1660250949B500F7F33F /* RxTest.framework in Copy Frameworks */ = {isa = PBXBuildFile; fileRef = D00F165C250949B400F7F33F /* RxTest.framework */; settings = {ATTRIBUTES = (CodeSignOnCopy, RemoveHeadersOnCopy, ); }; };
		D00F1661250949B500F7F33F /* SnapshotTesting.framework in Copy Frameworks */ = {isa = PBXBuildFile; fileRef = D00F165D250949B500F7F33F /* SnapshotTesting.framework */; settings = {ATTRIBUTES = (CodeSignOnCopy, RemoveHeadersOnCopy, ); }; };
		D00F1662250949B500F7F33F /* Quick.framework in Copy Frameworks */ = {isa = PBXBuildFile; fileRef = D00F165E250949B500F7F33F /* Quick.framework */; settings = {ATTRIBUTES = (CodeSignOnCopy, RemoveHeadersOnCopy, ); }; };
		D00F166425094A2B00F7F33F /* RxBlocking.framework in Copy Frameworks */ = {isa = PBXBuildFile; fileRef = D00F166325094A2B00F7F33F /* RxBlocking.framework */; settings = {ATTRIBUTES = (CodeSignOnCopy, RemoveHeadersOnCopy, ); }; };
		D00F166525094A2F00F7F33F /* RxBlocking.framework in Frameworks */ = {isa = PBXBuildFile; fileRef = D00F166325094A2B00F7F33F /* RxBlocking.framework */; };
		D08B1AF425098E2300719011 /* WindowFactoring.swift in Sources */ = {isa = PBXBuildFile; fileRef = D00F1669250989CB00F7F33F /* WindowFactoring.swift */; };
		D08B1AF525098E2600719011 /* WindowFactory.swift in Sources */ = {isa = PBXBuildFile; fileRef = D00F166B250989D300F7F33F /* WindowFactory.swift */; };
		D08B1AF625098E2800719011 /* WindowFactorySpec.swift in Sources */ = {isa = PBXBuildFile; fileRef = D08B1AF125098B4500719011 /* WindowFactorySpec.swift */; };
		D08B1AF825098F4300719011 /* ApplicationAssembly.swift in Sources */ = {isa = PBXBuildFile; fileRef = D08B1AF725098F4300719011 /* ApplicationAssembly.swift */; };
/* End PBXBuildFile section */

/* Begin PBXContainerItemProxy section */
		D00F16052509181A00F7F33F /* PBXContainerItemProxy */ = {
			isa = PBXContainerItemProxy;
			containerPortal = D00F15E62509181800F7F33F /* Project object */;
			proxyType = 1;
			remoteGlobalIDString = D00F15ED2509181800F7F33F;
			remoteInfo = Weather;
		};
/* End PBXContainerItemProxy section */

/* Begin PBXCopyFilesBuildPhase section */
		D00F16512509454D00F7F33F /* Copy Frameworks */ = {
			isa = PBXCopyFilesBuildPhase;
			buildActionMask = 2147483647;
			dstPath = "";
			dstSubfolderSpec = 10;
			files = (
				D00F165F250949B500F7F33F /* Nimble.framework in Copy Frameworks */,
				D00F1660250949B500F7F33F /* RxTest.framework in Copy Frameworks */,
				D00F166425094A2B00F7F33F /* RxBlocking.framework in Copy Frameworks */,
				D00F1661250949B500F7F33F /* SnapshotTesting.framework in Copy Frameworks */,
				D00F1662250949B500F7F33F /* Quick.framework in Copy Frameworks */,
			);
			name = "Copy Frameworks";
			runOnlyForDeploymentPostprocessing = 0;
		};
/* End PBXCopyFilesBuildPhase section */

/* Begin PBXFileReference section */
		D00F15EE2509181800F7F33F /* Weather.app */ = {isa = PBXFileReference; explicitFileType = wrapper.application; includeInIndex = 0; path = Weather.app; sourceTree = BUILT_PRODUCTS_DIR; };
		D00F15F12509181800F7F33F /* AppDelegate.swift */ = {isa = PBXFileReference; lastKnownFileType = sourcecode.swift; path = AppDelegate.swift; sourceTree = "<group>"; };
		D00F15F52509181800F7F33F /* ViewController.swift */ = {isa = PBXFileReference; lastKnownFileType = sourcecode.swift; path = ViewController.swift; sourceTree = "<group>"; };
		D00F15FA2509181A00F7F33F /* Assets.xcassets */ = {isa = PBXFileReference; lastKnownFileType = folder.assetcatalog; path = Assets.xcassets; sourceTree = "<group>"; };
		D00F15FD2509181A00F7F33F /* Base */ = {isa = PBXFileReference; lastKnownFileType = file.storyboard; name = Base; path = Base.lproj/LaunchScreen.storyboard; sourceTree = "<group>"; };
		D00F15FF2509181A00F7F33F /* Info.plist */ = {isa = PBXFileReference; lastKnownFileType = text.plist.xml; path = Info.plist; sourceTree = "<group>"; };
		D00F16042509181A00F7F33F /* WeatherTests.xctest */ = {isa = PBXFileReference; explicitFileType = wrapper.cfbundle; includeInIndex = 0; path = WeatherTests.xctest; sourceTree = BUILT_PRODUCTS_DIR; };
		D00F16082509181A00F7F33F /* WeatherTests.swift */ = {isa = PBXFileReference; lastKnownFileType = sourcecode.swift; path = WeatherTests.swift; sourceTree = "<group>"; };
		D00F160A2509181A00F7F33F /* Info.plist */ = {isa = PBXFileReference; lastKnownFileType = text.plist.xml; path = Info.plist; sourceTree = "<group>"; };
		D00F161D25093D4F00F7F33F /* Anchorage.framework */ = {isa = PBXFileReference; lastKnownFileType = wrapper.framework; name = Anchorage.framework; path = Carthage/Build/iOS/Anchorage.framework; sourceTree = "<group>"; };
		D00F161E25093D4F00F7F33F /* RxRelay.framework */ = {isa = PBXFileReference; lastKnownFileType = wrapper.framework; name = RxRelay.framework; path = Carthage/Build/iOS/RxRelay.framework; sourceTree = "<group>"; };
		D00F161F25093D4F00F7F33F /* Validated.framework */ = {isa = PBXFileReference; lastKnownFileType = wrapper.framework; name = Validated.framework; path = Carthage/Build/iOS/Validated.framework; sourceTree = "<group>"; };
		D00F162025093D4F00F7F33F /* SnapshotTesting.framework */ = {isa = PBXFileReference; lastKnownFileType = wrapper.framework; name = SnapshotTesting.framework; path = Carthage/Build/iOS/SnapshotTesting.framework; sourceTree = "<group>"; };
		D00F162125093D4F00F7F33F /* SwinjectAutoregistration.framework */ = {isa = PBXFileReference; lastKnownFileType = wrapper.framework; name = SwinjectAutoregistration.framework; path = Carthage/Build/iOS/SwinjectAutoregistration.framework; sourceTree = "<group>"; };
		D00F162225093D4F00F7F33F /* RxBlocking.framework */ = {isa = PBXFileReference; lastKnownFileType = wrapper.framework; name = RxBlocking.framework; path = Carthage/Build/iOS/RxBlocking.framework; sourceTree = "<group>"; };
		D00F162325093D4F00F7F33F /* Nimble.framework */ = {isa = PBXFileReference; lastKnownFileType = wrapper.framework; name = Nimble.framework; path = Carthage/Build/iOS/Nimble.framework; sourceTree = "<group>"; };
		D00F162425093D4F00F7F33F /* RxSwift.framework */ = {isa = PBXFileReference; lastKnownFileType = wrapper.framework; name = RxSwift.framework; path = Carthage/Build/iOS/RxSwift.framework; sourceTree = "<group>"; };
		D00F162525093D4F00F7F33F /* NonEmpty.framework */ = {isa = PBXFileReference; lastKnownFileType = wrapper.framework; name = NonEmpty.framework; path = Carthage/Build/iOS/NonEmpty.framework; sourceTree = "<group>"; };
		D00F162625093D4F00F7F33F /* Swinject.framework */ = {isa = PBXFileReference; lastKnownFileType = wrapper.framework; name = Swinject.framework; path = Carthage/Build/iOS/Swinject.framework; sourceTree = "<group>"; };
		D00F162725093D4F00F7F33F /* Quick.framework */ = {isa = PBXFileReference; lastKnownFileType = wrapper.framework; name = Quick.framework; path = Carthage/Build/iOS/Quick.framework; sourceTree = "<group>"; };
		D00F162825093D4F00F7F33F /* MBProgressHUD.framework */ = {isa = PBXFileReference; lastKnownFileType = wrapper.framework; name = MBProgressHUD.framework; path = Carthage/Build/iOS/MBProgressHUD.framework; sourceTree = "<group>"; };
		D00F162925093D4F00F7F33F /* RxTest.framework */ = {isa = PBXFileReference; lastKnownFileType = wrapper.framework; name = RxTest.framework; path = Carthage/Build/iOS/RxTest.framework; sourceTree = "<group>"; };
		D00F162A25093D4F00F7F33F /* RxCocoa.framework */ = {isa = PBXFileReference; lastKnownFileType = wrapper.framework; name = RxCocoa.framework; path = Carthage/Build/iOS/RxCocoa.framework; sourceTree = "<group>"; };
		D00F164D250943F700F7F33F /* RxDataSources.framework */ = {isa = PBXFileReference; lastKnownFileType = wrapper.framework; name = RxDataSources.framework; path = Carthage/Build/iOS/RxDataSources.framework; sourceTree = "<group>"; };
		D00F165B250949B400F7F33F /* Nimble.framework */ = {isa = PBXFileReference; lastKnownFileType = wrapper.framework; name = Nimble.framework; path = Carthage/Build/iOS/Nimble.framework; sourceTree = "<group>"; };
		D00F165C250949B400F7F33F /* RxTest.framework */ = {isa = PBXFileReference; lastKnownFileType = wrapper.framework; name = RxTest.framework; path = Carthage/Build/iOS/RxTest.framework; sourceTree = "<group>"; };
		D00F165D250949B500F7F33F /* SnapshotTesting.framework */ = {isa = PBXFileReference; lastKnownFileType = wrapper.framework; name = SnapshotTesting.framework; path = Carthage/Build/iOS/SnapshotTesting.framework; sourceTree = "<group>"; };
		D00F165E250949B500F7F33F /* Quick.framework */ = {isa = PBXFileReference; lastKnownFileType = wrapper.framework; name = Quick.framework; path = Carthage/Build/iOS/Quick.framework; sourceTree = "<group>"; };
		D00F166325094A2B00F7F33F /* RxBlocking.framework */ = {isa = PBXFileReference; lastKnownFileType = wrapper.framework; name = RxBlocking.framework; path = Carthage/Build/iOS/RxBlocking.framework; sourceTree = "<group>"; };
		D00F1669250989CB00F7F33F /* WindowFactoring.swift */ = {isa = PBXFileReference; lastKnownFileType = sourcecode.swift; path = WindowFactoring.swift; sourceTree = "<group>"; };
		D00F166B250989D300F7F33F /* WindowFactory.swift */ = {isa = PBXFileReference; lastKnownFileType = sourcecode.swift; path = WindowFactory.swift; sourceTree = "<group>"; };
		D08B1AF125098B4500719011 /* WindowFactorySpec.swift */ = {isa = PBXFileReference; lastKnownFileType = sourcecode.swift; path = WindowFactorySpec.swift; sourceTree = "<group>"; };
		D08B1AF725098F4300719011 /* ApplicationAssembly.swift */ = {isa = PBXFileReference; lastKnownFileType = sourcecode.swift; path = ApplicationAssembly.swift; sourceTree = "<group>"; };
/* End PBXFileReference section */

/* Begin PBXFrameworksBuildPhase section */
		D00F15EB2509181800F7F33F /* Frameworks */ = {
			isa = PBXFrameworksBuildPhase;
			buildActionMask = 2147483647;
			files = (
				D00F163325093D4F00F7F33F /* SwinjectAutoregistration.framework in Frameworks */,
				D00F162D25093D4F00F7F33F /* RxRelay.framework in Frameworks */,
				D00F164525093D5000F7F33F /* RxCocoa.framework in Frameworks */,
				D00F163B25093D5000F7F33F /* NonEmpty.framework in Frameworks */,
				D00F163D25093D5000F7F33F /* Swinject.framework in Frameworks */,
				D00F164E250943F700F7F33F /* RxDataSources.framework in Frameworks */,
				D00F162B25093D4F00F7F33F /* Anchorage.framework in Frameworks */,
				D00F162F25093D4F00F7F33F /* Validated.framework in Frameworks */,
				D00F163925093D5000F7F33F /* RxSwift.framework in Frameworks */,
				D00F164125093D5000F7F33F /* MBProgressHUD.framework in Frameworks */,
			);
			runOnlyForDeploymentPostprocessing = 0;
		};
		D00F16012509181A00F7F33F /* Frameworks */ = {
			isa = PBXFrameworksBuildPhase;
			buildActionMask = 2147483647;
			files = (
				D00F164825093DD100F7F33F /* Nimble.framework in Frameworks */,
				D00F164925093DD100F7F33F /* Quick.framework in Frameworks */,
				D00F164A25093DD100F7F33F /* RxTest.framework in Frameworks */,
				D00F166525094A2F00F7F33F /* RxBlocking.framework in Frameworks */,
				D00F164B25093DD100F7F33F /* SnapshotTesting.framework in Frameworks */,
			);
			runOnlyForDeploymentPostprocessing = 0;
		};
/* End PBXFrameworksBuildPhase section */

/* Begin PBXGroup section */
		D00F15E52509181800F7F33F = {
			isa = PBXGroup;
			children = (
				D00F15F02509181800F7F33F /* Weather */,
				D00F15EF2509181800F7F33F /* Products */,
				D00F161C25093D4F00F7F33F /* Frameworks */,
			);
			sourceTree = "<group>";
		};
		D00F15EF2509181800F7F33F /* Products */ = {
			isa = PBXGroup;
			children = (
				D00F15EE2509181800F7F33F /* Weather.app */,
				D00F16042509181A00F7F33F /* WeatherTests.xctest */,
			);
			name = Products;
			sourceTree = "<group>";
		};
		D00F15F02509181800F7F33F /* Weather */ = {
			isa = PBXGroup;
			children = (
				D00F161825091D9D00F7F33F /* Tests */,
				D00F161325091CA800F7F33F /* Sources */,
			);
			path = Weather;
			sourceTree = "<group>";
		};
		D00F161325091CA800F7F33F /* Sources */ = {
			isa = PBXGroup;
			children = (
				D00F16672509502900F7F33F /* Assemblies */,
				D00F16662509501400F7F33F /* Factories */,
				D00F161625091D7300F7F33F /* Screens */,
				D00F161525091D6700F7F33F /* Application */,
				D00F161425091CB500F7F33F /* Supporting Files */,
			);
			path = Sources;
			sourceTree = "<group>";
		};
		D00F161425091CB500F7F33F /* Supporting Files */ = {
			isa = PBXGroup;
			children = (
				D00F15FA2509181A00F7F33F /* Assets.xcassets */,
				D00F15FC2509181A00F7F33F /* LaunchScreen.storyboard */,
				D00F15FF2509181A00F7F33F /* Info.plist */,
			);
			path = "Supporting Files";
			sourceTree = "<group>";
		};
		D00F161525091D6700F7F33F /* Application */ = {
			isa = PBXGroup;
			children = (
				D00F15F12509181800F7F33F /* AppDelegate.swift */,
			);
			path = Application;
			sourceTree = "<group>";
		};
		D00F161625091D7300F7F33F /* Screens */ = {
			isa = PBXGroup;
			children = (
				D00F161725091D7800F7F33F /* CityList */,
			);
			path = Screens;
			sourceTree = "<group>";
		};
		D00F161725091D7800F7F33F /* CityList */ = {
			isa = PBXGroup;
			children = (
				D00F15F52509181800F7F33F /* ViewController.swift */,
			);
			path = CityList;
			sourceTree = "<group>";
		};
		D00F161825091D9D00F7F33F /* Tests */ = {
			isa = PBXGroup;
			children = (
				D08B1AF025098B1100719011 /* Factories */,
				D00F161A25091DCF00F7F33F /* Screens */,
				D00F161925091DAE00F7F33F /* Supporting Files */,
			);
			path = Tests;
			sourceTree = "<group>";
		};
		D00F161925091DAE00F7F33F /* Supporting Files */ = {
			isa = PBXGroup;
			children = (
				D00F160A2509181A00F7F33F /* Info.plist */,
			);
			path = "Supporting Files";
			sourceTree = "<group>";
		};
		D00F161A25091DCF00F7F33F /* Screens */ = {
			isa = PBXGroup;
			children = (
				D00F161B25091DD700F7F33F /* CityList */,
			);
			path = Screens;
			sourceTree = "<group>";
		};
		D00F161B25091DD700F7F33F /* CityList */ = {
			isa = PBXGroup;
			children = (
				D00F16082509181A00F7F33F /* WeatherTests.swift */,
			);
			path = CityList;
			sourceTree = "<group>";
		};
		D00F161C25093D4F00F7F33F /* Frameworks */ = {
			isa = PBXGroup;
			children = (
				D00F166325094A2B00F7F33F /* RxBlocking.framework */,
				D00F165C250949B400F7F33F /* RxTest.framework */,
				D00F165E250949B500F7F33F /* Quick.framework */,
				D00F165B250949B400F7F33F /* Nimble.framework */,
				D00F165D250949B500F7F33F /* SnapshotTesting.framework */,
				D00F164D250943F700F7F33F /* RxDataSources.framework */,
				D00F161D25093D4F00F7F33F /* Anchorage.framework */,
				D00F162825093D4F00F7F33F /* MBProgressHUD.framework */,
				D00F162325093D4F00F7F33F /* Nimble.framework */,
				D00F162525093D4F00F7F33F /* NonEmpty.framework */,
				D00F162725093D4F00F7F33F /* Quick.framework */,
				D00F162225093D4F00F7F33F /* RxBlocking.framework */,
				D00F162A25093D4F00F7F33F /* RxCocoa.framework */,
				D00F161E25093D4F00F7F33F /* RxRelay.framework */,
				D00F162425093D4F00F7F33F /* RxSwift.framework */,
				D00F162925093D4F00F7F33F /* RxTest.framework */,
				D00F162025093D4F00F7F33F /* SnapshotTesting.framework */,
				D00F162625093D4F00F7F33F /* Swinject.framework */,
				D00F162125093D4F00F7F33F /* SwinjectAutoregistration.framework */,
				D00F161F25093D4F00F7F33F /* Validated.framework */,
			);
			name = Frameworks;
			sourceTree = "<group>";
		};
		D00F16662509501400F7F33F /* Factories */ = {
			isa = PBXGroup;
			children = (
				D00F1668250989C100F7F33F /* Window */,
			);
			path = Factories;
			sourceTree = "<group>";
		};
		D00F16672509502900F7F33F /* Assemblies */ = {
			isa = PBXGroup;
			children = (
				D08B1AF725098F4300719011 /* ApplicationAssembly.swift */,
			);
			path = Assemblies;
			sourceTree = "<group>";
		};
		D00F1668250989C100F7F33F /* Window */ = {
			isa = PBXGroup;
			children = (
				D00F1669250989CB00F7F33F /* WindowFactoring.swift */,
				D00F166B250989D300F7F33F /* WindowFactory.swift */,
			);
			path = Window;
			sourceTree = "<group>";
		};
		D08B1AF025098B1100719011 /* Factories */ = {
			isa = PBXGroup;
			children = (
				D08B1AF125098B4500719011 /* WindowFactorySpec.swift */,
			);
			path = Factories;
			sourceTree = "<group>";
		};
/* End PBXGroup section */

/* Begin PBXNativeTarget section */
		D00F15ED2509181800F7F33F /* Weather */ = {
			isa = PBXNativeTarget;
			buildConfigurationList = D00F160D2509181A00F7F33F /* Build configuration list for PBXNativeTarget "Weather" */;
			buildPhases = (
				D00F15EA2509181800F7F33F /* Sources */,
				D00F15EB2509181800F7F33F /* Frameworks */,
				D00F15EC2509181800F7F33F /* Resources */,
				D00F165A250945A800F7F33F /* SwiftLint */,
				D00F164C25093DFD00F7F33F /* Carthage */,
			);
			buildRules = (
			);
			dependencies = (
			);
			name = Weather;
			productName = Weather;
			productReference = D00F15EE2509181800F7F33F /* Weather.app */;
			productType = "com.apple.product-type.application";
		};
		D00F16032509181A00F7F33F /* WeatherTests */ = {
			isa = PBXNativeTarget;
			buildConfigurationList = D00F16102509181A00F7F33F /* Build configuration list for PBXNativeTarget "WeatherTests" */;
			buildPhases = (
				D00F16002509181A00F7F33F /* Sources */,
				D00F16012509181A00F7F33F /* Frameworks */,
				D00F16022509181A00F7F33F /* Resources */,
				D00F16512509454D00F7F33F /* Copy Frameworks */,
			);
			buildRules = (
			);
			dependencies = (
				D00F16062509181A00F7F33F /* PBXTargetDependency */,
			);
			name = WeatherTests;
			productName = WeatherTests;
			productReference = D00F16042509181A00F7F33F /* WeatherTests.xctest */;
			productType = "com.apple.product-type.bundle.unit-test";
		};
/* End PBXNativeTarget section */

/* Begin PBXProject section */
		D00F15E62509181800F7F33F /* Project object */ = {
			isa = PBXProject;
			attributes = {
				LastSwiftUpdateCheck = 1130;
				LastUpgradeCheck = 1130;
				ORGANIZATIONNAME = "Patryk Górski";
				TargetAttributes = {
					D00F15ED2509181800F7F33F = {
						CreatedOnToolsVersion = 11.3;
					};
					D00F16032509181A00F7F33F = {
						CreatedOnToolsVersion = 11.3;
						TestTargetID = D00F15ED2509181800F7F33F;
					};
				};
			};
			buildConfigurationList = D00F15E92509181800F7F33F /* Build configuration list for PBXProject "Weather" */;
			compatibilityVersion = "Xcode 9.3";
			developmentRegion = en;
			hasScannedForEncodings = 0;
			knownRegions = (
				en,
				Base,
			);
			mainGroup = D00F15E52509181800F7F33F;
			productRefGroup = D00F15EF2509181800F7F33F /* Products */;
			projectDirPath = "";
			projectRoot = "";
			targets = (
				D00F15ED2509181800F7F33F /* Weather */,
				D00F16032509181A00F7F33F /* WeatherTests */,
			);
		};
/* End PBXProject section */

/* Begin PBXResourcesBuildPhase section */
		D00F15EC2509181800F7F33F /* Resources */ = {
			isa = PBXResourcesBuildPhase;
			buildActionMask = 2147483647;
			files = (
				D00F15FE2509181A00F7F33F /* LaunchScreen.storyboard in Resources */,
				D00F15FB2509181A00F7F33F /* Assets.xcassets in Resources */,
			);
			runOnlyForDeploymentPostprocessing = 0;
		};
		D00F16022509181A00F7F33F /* Resources */ = {
			isa = PBXResourcesBuildPhase;
			buildActionMask = 2147483647;
			files = (
			);
			runOnlyForDeploymentPostprocessing = 0;
		};
/* End PBXResourcesBuildPhase section */

/* Begin PBXShellScriptBuildPhase section */
		D00F164C25093DFD00F7F33F /* Carthage */ = {
			isa = PBXShellScriptBuildPhase;
			buildActionMask = 2147483647;
			files = (
			);
			inputFileListPaths = (
			);
			inputPaths = (
				"$(SRCROOT)/Carthage/Build/iOS/SwinjectAutoregistration.framework",
				"$(SRCROOT)/Carthage/Build/iOS/RxRelay.framework",
				"$(SRCROOT)/Carthage/Build/iOS/RxCocoa.framework",
				"$(SRCROOT)/Carthage/Build/iOS/NonEmpty.framework",
				"$(SRCROOT)/Carthage/Build/iOS/Swinject.framework",
				"$(SRCROOT)/Carthage/Build/iOS/Anchorage.framework",
				"$(SRCROOT)/Carthage/Build/iOS/Validated.framework",
				"$(SRCROOT)/Carthage/Build/iOS/RxSwift.framework",
				"$(SRCROOT)/Carthage/Build/iOS/MBProgressHUD.framework",
				"$(SRCROOT)/Carthage/Build/iOS/RxDataSources.framework",
			);
			name = Carthage;
			outputFileListPaths = (
			);
			outputPaths = (
				"$(BUILT_PRODUCTS_DIR)/$(FRAMEWORKS_FOLDER_PATH)/SwinjectAutoregistration.framework",
				"$(BUILT_PRODUCTS_DIR)/$(FRAMEWORKS_FOLDER_PATH)/RxRelay.framework",
				"$(BUILT_PRODUCTS_DIR)/$(FRAMEWORKS_FOLDER_PATH)/RxCocoa.framework",
				"$(BUILT_PRODUCTS_DIR)/$(FRAMEWORKS_FOLDER_PATH)/NonEmpty.framework",
				"$(BUILT_PRODUCTS_DIR)/$(FRAMEWORKS_FOLDER_PATH)/Swinject.framework",
				"$(BUILT_PRODUCTS_DIR)/$(FRAMEWORKS_FOLDER_PATH)/Anchorage.framework",
				"$(BUILT_PRODUCTS_DIR)/$(FRAMEWORKS_FOLDER_PATH)/Validated.framework",
				"$(BUILT_PRODUCTS_DIR)/$(FRAMEWORKS_FOLDER_PATH)/RxSwift.framework",
				"$(BUILT_PRODUCTS_DIR)/$(FRAMEWORKS_FOLDER_PATH)/MBProgressHUD.framework",
				"$(BUILT_PRODUCTS_DIR)/$(FRAMEWORKS_FOLDER_PATH)/RxDataSources.framework",
			);
			runOnlyForDeploymentPostprocessing = 0;
			shellPath = /bin/sh;
			shellScript = "/usr/local/bin/carthage copy-frameworks\n";
		};
		D00F165A250945A800F7F33F /* SwiftLint */ = {
			isa = PBXShellScriptBuildPhase;
			buildActionMask = 2147483647;
			files = (
			);
			inputFileListPaths = (
			);
			inputPaths = (
			);
			name = SwiftLint;
			outputFileListPaths = (
			);
			outputPaths = (
			);
			runOnlyForDeploymentPostprocessing = 0;
			shellPath = /bin/sh;
			shellScript = "if which swiftlint >/dev/null; then\n  swiftlint\nelse\n  echo \"warning: SwiftLint not installed, download from https://github.com/realm/SwiftLint\"\nfi\n";
		};
/* End PBXShellScriptBuildPhase section */

/* Begin PBXSourcesBuildPhase section */
		D00F15EA2509181800F7F33F /* Sources */ = {
			isa = PBXSourcesBuildPhase;
			buildActionMask = 2147483647;
			files = (
				D00F15F62509181800F7F33F /* ViewController.swift in Sources */,
				D08B1AF825098F4300719011 /* ApplicationAssembly.swift in Sources */,
				D08B1AF425098E2300719011 /* WindowFactoring.swift in Sources */,
				D08B1AF525098E2600719011 /* WindowFactory.swift in Sources */,
				D00F15F22509181800F7F33F /* AppDelegate.swift in Sources */,
			);
			runOnlyForDeploymentPostprocessing = 0;
		};
		D00F16002509181A00F7F33F /* Sources */ = {
			isa = PBXSourcesBuildPhase;
			buildActionMask = 2147483647;
			files = (
				D00F16092509181A00F7F33F /* WeatherTests.swift in Sources */,
				D08B1AF625098E2800719011 /* WindowFactorySpec.swift in Sources */,
			);
			runOnlyForDeploymentPostprocessing = 0;
		};
/* End PBXSourcesBuildPhase section */

/* Begin PBXTargetDependency section */
		D00F16062509181A00F7F33F /* PBXTargetDependency */ = {
			isa = PBXTargetDependency;
			target = D00F15ED2509181800F7F33F /* Weather */;
			targetProxy = D00F16052509181A00F7F33F /* PBXContainerItemProxy */;
		};
/* End PBXTargetDependency section */

/* Begin PBXVariantGroup section */
		D00F15FC2509181A00F7F33F /* LaunchScreen.storyboard */ = {
			isa = PBXVariantGroup;
			children = (
				D00F15FD2509181A00F7F33F /* Base */,
			);
			name = LaunchScreen.storyboard;
			sourceTree = "<group>";
		};
/* End PBXVariantGroup section */

/* Begin XCBuildConfiguration section */
		D00F160B2509181A00F7F33F /* Debug */ = {
			isa = XCBuildConfiguration;
			buildSettings = {
				ALWAYS_SEARCH_USER_PATHS = NO;
				CLANG_ANALYZER_NONNULL = YES;
				CLANG_ANALYZER_NUMBER_OBJECT_CONVERSION = YES_AGGRESSIVE;
				CLANG_CXX_LANGUAGE_STANDARD = "gnu++14";
				CLANG_CXX_LIBRARY = "libc++";
				CLANG_ENABLE_MODULES = YES;
				CLANG_ENABLE_OBJC_ARC = YES;
				CLANG_ENABLE_OBJC_WEAK = YES;
				CLANG_WARN_BLOCK_CAPTURE_AUTORELEASING = YES;
				CLANG_WARN_BOOL_CONVERSION = YES;
				CLANG_WARN_COMMA = YES;
				CLANG_WARN_CONSTANT_CONVERSION = YES;
				CLANG_WARN_DEPRECATED_OBJC_IMPLEMENTATIONS = YES;
				CLANG_WARN_DIRECT_OBJC_ISA_USAGE = YES_ERROR;
				CLANG_WARN_DOCUMENTATION_COMMENTS = YES;
				CLANG_WARN_EMPTY_BODY = YES;
				CLANG_WARN_ENUM_CONVERSION = YES;
				CLANG_WARN_INFINITE_RECURSION = YES;
				CLANG_WARN_INT_CONVERSION = YES;
				CLANG_WARN_NON_LITERAL_NULL_CONVERSION = YES;
				CLANG_WARN_OBJC_IMPLICIT_RETAIN_SELF = YES;
				CLANG_WARN_OBJC_LITERAL_CONVERSION = YES;
				CLANG_WARN_OBJC_ROOT_CLASS = YES_ERROR;
				CLANG_WARN_RANGE_LOOP_ANALYSIS = YES;
				CLANG_WARN_STRICT_PROTOTYPES = YES;
				CLANG_WARN_SUSPICIOUS_MOVE = YES;
				CLANG_WARN_UNGUARDED_AVAILABILITY = YES_AGGRESSIVE;
				CLANG_WARN_UNREACHABLE_CODE = YES;
				CLANG_WARN__DUPLICATE_METHOD_MATCH = YES;
				COPY_PHASE_STRIP = NO;
				DEBUG_INFORMATION_FORMAT = dwarf;
				ENABLE_STRICT_OBJC_MSGSEND = YES;
				ENABLE_TESTABILITY = YES;
				GCC_C_LANGUAGE_STANDARD = gnu11;
				GCC_DYNAMIC_NO_PIC = NO;
				GCC_NO_COMMON_BLOCKS = YES;
				GCC_OPTIMIZATION_LEVEL = 0;
				GCC_PREPROCESSOR_DEFINITIONS = (
					"DEBUG=1",
					"$(inherited)",
				);
				GCC_WARN_64_TO_32_BIT_CONVERSION = YES;
				GCC_WARN_ABOUT_RETURN_TYPE = YES_ERROR;
				GCC_WARN_UNDECLARED_SELECTOR = YES;
				GCC_WARN_UNINITIALIZED_AUTOS = YES_AGGRESSIVE;
				GCC_WARN_UNUSED_FUNCTION = YES;
				GCC_WARN_UNUSED_VARIABLE = YES;
				IPHONEOS_DEPLOYMENT_TARGET = 13.2;
				MTL_ENABLE_DEBUG_INFO = INCLUDE_SOURCE;
				MTL_FAST_MATH = YES;
				ONLY_ACTIVE_ARCH = YES;
				SDKROOT = iphoneos;
				SWIFT_ACTIVE_COMPILATION_CONDITIONS = DEBUG;
				SWIFT_OPTIMIZATION_LEVEL = "-Onone";
			};
			name = Debug;
		};
		D00F160C2509181A00F7F33F /* Release */ = {
			isa = XCBuildConfiguration;
			buildSettings = {
				ALWAYS_SEARCH_USER_PATHS = NO;
				CLANG_ANALYZER_NONNULL = YES;
				CLANG_ANALYZER_NUMBER_OBJECT_CONVERSION = YES_AGGRESSIVE;
				CLANG_CXX_LANGUAGE_STANDARD = "gnu++14";
				CLANG_CXX_LIBRARY = "libc++";
				CLANG_ENABLE_MODULES = YES;
				CLANG_ENABLE_OBJC_ARC = YES;
				CLANG_ENABLE_OBJC_WEAK = YES;
				CLANG_WARN_BLOCK_CAPTURE_AUTORELEASING = YES;
				CLANG_WARN_BOOL_CONVERSION = YES;
				CLANG_WARN_COMMA = YES;
				CLANG_WARN_CONSTANT_CONVERSION = YES;
				CLANG_WARN_DEPRECATED_OBJC_IMPLEMENTATIONS = YES;
				CLANG_WARN_DIRECT_OBJC_ISA_USAGE = YES_ERROR;
				CLANG_WARN_DOCUMENTATION_COMMENTS = YES;
				CLANG_WARN_EMPTY_BODY = YES;
				CLANG_WARN_ENUM_CONVERSION = YES;
				CLANG_WARN_INFINITE_RECURSION = YES;
				CLANG_WARN_INT_CONVERSION = YES;
				CLANG_WARN_NON_LITERAL_NULL_CONVERSION = YES;
				CLANG_WARN_OBJC_IMPLICIT_RETAIN_SELF = YES;
				CLANG_WARN_OBJC_LITERAL_CONVERSION = YES;
				CLANG_WARN_OBJC_ROOT_CLASS = YES_ERROR;
				CLANG_WARN_RANGE_LOOP_ANALYSIS = YES;
				CLANG_WARN_STRICT_PROTOTYPES = YES;
				CLANG_WARN_SUSPICIOUS_MOVE = YES;
				CLANG_WARN_UNGUARDED_AVAILABILITY = YES_AGGRESSIVE;
				CLANG_WARN_UNREACHABLE_CODE = YES;
				CLANG_WARN__DUPLICATE_METHOD_MATCH = YES;
				COPY_PHASE_STRIP = NO;
				DEBUG_INFORMATION_FORMAT = "dwarf-with-dsym";
				ENABLE_NS_ASSERTIONS = NO;
				ENABLE_STRICT_OBJC_MSGSEND = YES;
				GCC_C_LANGUAGE_STANDARD = gnu11;
				GCC_NO_COMMON_BLOCKS = YES;
				GCC_WARN_64_TO_32_BIT_CONVERSION = YES;
				GCC_WARN_ABOUT_RETURN_TYPE = YES_ERROR;
				GCC_WARN_UNDECLARED_SELECTOR = YES;
				GCC_WARN_UNINITIALIZED_AUTOS = YES_AGGRESSIVE;
				GCC_WARN_UNUSED_FUNCTION = YES;
				GCC_WARN_UNUSED_VARIABLE = YES;
				IPHONEOS_DEPLOYMENT_TARGET = 13.2;
				MTL_ENABLE_DEBUG_INFO = NO;
				MTL_FAST_MATH = YES;
				SDKROOT = iphoneos;
				SWIFT_COMPILATION_MODE = wholemodule;
				SWIFT_OPTIMIZATION_LEVEL = "-O";
				VALIDATE_PRODUCT = YES;
			};
			name = Release;
		};
		D00F160E2509181A00F7F33F /* Debug */ = {
			isa = XCBuildConfiguration;
			buildSettings = {
				ASSETCATALOG_COMPILER_APPICON_NAME = AppIcon;
				CODE_SIGN_STYLE = Automatic;
				DEVELOPMENT_TEAM = D355Q3YZEV;
				FRAMEWORK_SEARCH_PATHS = (
					"$(inherited)",
					"$(PROJECT_DIR)/Carthage/Build/iOS",
				);
				INFOPLIST_FILE = "Weather/Sources/Supporting Files/Info.plist";
				IPHONEOS_DEPLOYMENT_TARGET = 11.0;
				LD_RUNPATH_SEARCH_PATHS = (
					"$(inherited)",
					"@executable_path/Frameworks",
				);
				PRODUCT_BUNDLE_IDENTIFIER = PG.Weather;
				PRODUCT_NAME = "$(TARGET_NAME)";
				SWIFT_VERSION = 5.0;
				TARGETED_DEVICE_FAMILY = 1;
			};
			name = Debug;
		};
		D00F160F2509181A00F7F33F /* Release */ = {
			isa = XCBuildConfiguration;
			buildSettings = {
				ASSETCATALOG_COMPILER_APPICON_NAME = AppIcon;
				CODE_SIGN_STYLE = Automatic;
				DEVELOPMENT_TEAM = D355Q3YZEV;
				FRAMEWORK_SEARCH_PATHS = (
					"$(inherited)",
					"$(PROJECT_DIR)/Carthage/Build/iOS",
				);
				INFOPLIST_FILE = "Weather/Sources/Supporting Files/Info.plist";
				IPHONEOS_DEPLOYMENT_TARGET = 11.0;
				LD_RUNPATH_SEARCH_PATHS = (
					"$(inherited)",
					"@executable_path/Frameworks",
				);
				PRODUCT_BUNDLE_IDENTIFIER = PG.Weather;
				PRODUCT_NAME = "$(TARGET_NAME)";
				SWIFT_VERSION = 5.0;
				TARGETED_DEVICE_FAMILY = 1;
			};
			name = Release;
		};
		D00F16112509181A00F7F33F /* Debug */ = {
			isa = XCBuildConfiguration;
			buildSettings = {
				ALWAYS_EMBED_SWIFT_STANDARD_LIBRARIES = YES;
				BUNDLE_LOADER = "$(BUILT_PRODUCTS_DIR)/Weather.app/Weather";
				CODE_SIGN_STYLE = Automatic;
				DEVELOPMENT_TEAM = D355Q3YZEV;
				FRAMEWORK_SEARCH_PATHS = (
					"$(inherited)",
					"$(PROJECT_DIR)/Carthage/Build/iOS",
				);
				INFOPLIST_FILE = "Weather/Tests/Supporting Files/info.plist";
				IPHONEOS_DEPLOYMENT_TARGET = 13.2;
				LD_RUNPATH_SEARCH_PATHS = (
					"$(inherited)",
					"@executable_path/Frameworks",
					"@loader_path/Frameworks",
				);
				PRODUCT_BUNDLE_IDENTIFIER = PG.WeatherTests;
				PRODUCT_NAME = "$(TARGET_NAME)";
				SWIFT_VERSION = 5.0;
				TARGETED_DEVICE_FAMILY = "1,2";
				TEST_HOST = "$(BUILT_PRODUCTS_DIR)/Weather.app/Weather";
			};
			name = Debug;
		};
		D00F16122509181A00F7F33F /* Release */ = {
			isa = XCBuildConfiguration;
			buildSettings = {
				ALWAYS_EMBED_SWIFT_STANDARD_LIBRARIES = YES;
				BUNDLE_LOADER = "$(BUILT_PRODUCTS_DIR)/Weather.app/Weather";
				CODE_SIGN_STYLE = Automatic;
				DEVELOPMENT_TEAM = D355Q3YZEV;
				FRAMEWORK_SEARCH_PATHS = (
					"$(inherited)",
					"$(PROJECT_DIR)/Carthage/Build/iOS",
				);
				INFOPLIST_FILE = "Weather/Tests/Supporting Files/info.plist";
				IPHONEOS_DEPLOYMENT_TARGET = 13.2;
				LD_RUNPATH_SEARCH_PATHS = (
					"$(inherited)",
					"@executable_path/Frameworks",
					"@loader_path/Frameworks",
				);
				PRODUCT_BUNDLE_IDENTIFIER = PG.WeatherTests;
				PRODUCT_NAME = "$(TARGET_NAME)";
				SWIFT_VERSION = 5.0;
				TARGETED_DEVICE_FAMILY = "1,2";
				TEST_HOST = "$(BUILT_PRODUCTS_DIR)/Weather.app/Weather";
			};
			name = Release;
		};
/* End XCBuildConfiguration section */

/* Begin XCConfigurationList section */
		D00F15E92509181800F7F33F /* Build configuration list for PBXProject "Weather" */ = {
			isa = XCConfigurationList;
			buildConfigurations = (
				D00F160B2509181A00F7F33F /* Debug */,
				D00F160C2509181A00F7F33F /* Release */,
			);
			defaultConfigurationIsVisible = 0;
			defaultConfigurationName = Release;
		};
		D00F160D2509181A00F7F33F /* Build configuration list for PBXNativeTarget "Weather" */ = {
			isa = XCConfigurationList;
			buildConfigurations = (
				D00F160E2509181A00F7F33F /* Debug */,
				D00F160F2509181A00F7F33F /* Release */,
			);
			defaultConfigurationIsVisible = 0;
			defaultConfigurationName = Release;
		};
		D00F16102509181A00F7F33F /* Build configuration list for PBXNativeTarget "WeatherTests" */ = {
			isa = XCConfigurationList;
			buildConfigurations = (
				D00F16112509181A00F7F33F /* Debug */,
				D00F16122509181A00F7F33F /* Release */,
			);
			defaultConfigurationIsVisible = 0;
			defaultConfigurationName = Release;
		};
/* End XCConfigurationList section */
	};
	rootObject = D00F15E62509181800F7F33F /* Project object */;
}
